
Microsoft Visual Studio Solution File, Format Version 12.00
# Visual Studio 2013
VisualStudioVersion = 12.0.40629.0
MinimumVisualStudioVersion = 10.0.40219.1
Project("{FAE04EC0-301F-11D3-BF4B-00C04F79EFBC}") = "MahApps.Metro", "MahApps.Metro\MahApps.Metro.csproj", "{5B1710D2-5DC8-4754-91B2-19165DE49B3D}"
EndProject
Project("{FAE04EC0-301F-11D3-BF4B-00C04F79EFBC}") = "MetroDemo", "samples\MetroDemo\MetroDemo.csproj", "{56E8080F-FFEB-47CD-ADB9-92245F92565B}"
EndProject
Project("{FAE04EC0-301F-11D3-BF4B-00C04F79EFBC}") = "MahApps.Metro.Resources", "MahApps.Metro.Resources\MahApps.Metro.Resources.csproj", "{E708AC99-605B-42A0-8D20-ABCA8FE42DD2}"
EndProject
Project("{2150E333-8FDC-42A3-9474-1A3956D46DE8}") = "samples", "samples", "{72C27A3B-930A-45E7-B073-C9D7BF046E4B}"
EndProject
Project("{FAE04EC0-301F-11D3-BF4B-00C04F79EFBC}") = "MahApps.Metro.NET45", "MahApps.Metro\MahApps.Metro.NET45.csproj", "{942D11C4-29F5-46C4-8C14-4B976D56C637}"
EndProject
Project("{2150E333-8FDC-42A3-9474-1A3956D46DE8}") = ".build", ".build", "{F80ABBD3-DDB4-4797-8979-80926F03C94B}"
	ProjectSection(SolutionItems) = preProject
		Build.proj = Build.proj
		.build\MSBuild.Community.Tasks.dll = .build\MSBuild.Community.Tasks.dll
		.build\MSBuild.Community.Tasks.targets = .build\MSBuild.Community.Tasks.targets
	EndProjectSection
EndProject
Project("{FAE04EC0-301F-11D3-BF4B-00C04F79EFBC}") = "MetroDemo.NET45", "samples\MetroDemo\MetroDemo.NET45.csproj", "{67174E59-0A40-4E8F-A82B-02FD317DD801}"
EndProject
Project("{FAE04EC0-301F-11D3-BF4B-00C04F79EFBC}") = "Caliburn.Metro.Demo", "samples\Caliburn.Metro.Demo\Caliburn.Metro.Demo.csproj", "{9F9B7559-E8B6-43C3-BEE8-9A977BACE0FB}"
EndProject
Project("{2150E333-8FDC-42A3-9474-1A3956D46DE8}") = ".nuget", ".nuget", "{4166BE4A-2746-40AA-B38B-70D7C3054C37}"
	ProjectSection(SolutionItems) = preProject
		.nuget\NuGet.Config = .nuget\NuGet.Config
		.nuget\NuGet.exe = .nuget\NuGet.exe
		.nuget\NuGet.targets = .nuget\NuGet.targets
	EndProjectSection
EndProject
Project("{FAE04EC0-301F-11D3-BF4B-00C04F79EFBC}") = "MahApps.Metro.Tests", "Mahapps.Metro.Tests\MahApps.Metro.Tests.csproj", "{4B381135-F480-478E-9635-B76A425670B7}"
	ProjectSection(ProjectDependencies) = postProject
		{5B1710D2-5DC8-4754-91B2-19165DE49B3D} = {5B1710D2-5DC8-4754-91B2-19165DE49B3D}
	EndProjectSection
EndProject
Global
	GlobalSection(SolutionConfigurationPlatforms) = preSolution
		Debug|Any CPU = Debug|Any CPU
		Release|Any CPU = Release|Any CPU
	EndGlobalSection
	GlobalSection(ProjectConfigurationPlatforms) = postSolution
		{5B1710D2-5DC8-4754-91B2-19165DE49B3D}.Debug|Any CPU.ActiveCfg = Debug|Any CPU
		{5B1710D2-5DC8-4754-91B2-19165DE49B3D}.Debug|Any CPU.Build.0 = Debug|Any CPU
		{5B1710D2-5DC8-4754-91B2-19165DE49B3D}.Release|Any CPU.ActiveCfg = Release|Any CPU
		{5B1710D2-5DC8-4754-91B2-19165DE49B3D}.Release|Any CPU.Build.0 = Release|Any CPU
		{56E8080F-FFEB-47CD-ADB9-92245F92565B}.Debug|Any CPU.ActiveCfg = Debug|Any CPU
		{56E8080F-FFEB-47CD-ADB9-92245F92565B}.Debug|Any CPU.Build.0 = Debug|Any CPU
		{56E8080F-FFEB-47CD-ADB9-92245F92565B}.Release|Any CPU.ActiveCfg = Release|Any CPU
		{E708AC99-605B-42A0-8D20-ABCA8FE42DD2}.Debug|Any CPU.ActiveCfg = Debug|Any CPU
		{E708AC99-605B-42A0-8D20-ABCA8FE42DD2}.Debug|Any CPU.Build.0 = Debug|Any CPU
		{E708AC99-605B-42A0-8D20-ABCA8FE42DD2}.Release|Any CPU.ActiveCfg = Release|Any CPU
		{E708AC99-605B-42A0-8D20-ABCA8FE42DD2}.Release|Any CPU.Build.0 = Release|Any CPU
		{942D11C4-29F5-46C4-8C14-4B976D56C637}.Debug|Any CPU.ActiveCfg = Debug|Any CPU
		{942D11C4-29F5-46C4-8C14-4B976D56C637}.Debug|Any CPU.Build.0 = Debug|Any CPU
		{942D11C4-29F5-46C4-8C14-4B976D56C637}.Release|Any CPU.ActiveCfg = Release|Any CPU
		{942D11C4-29F5-46C4-8C14-4B976D56C637}.Release|Any CPU.Build.0 = Release|Any CPU
		{67174E59-0A40-4E8F-A82B-02FD317DD801}.Debug|Any CPU.ActiveCfg = Debug|Any CPU
		{67174E59-0A40-4E8F-A82B-02FD317DD801}.Debug|Any CPU.Build.0 = Debug|Any CPU
		{67174E59-0A40-4E8F-A82B-02FD317DD801}.Release|Any CPU.ActiveCfg = Release|Any CPU
		{9F9B7559-E8B6-43C3-BEE8-9A977BACE0FB}.Debug|Any CPU.ActiveCfg = Debug|Any CPU
		{9F9B7559-E8B6-43C3-BEE8-9A977BACE0FB}.Debug|Any CPU.Build.0 = Debug|Any CPU
		{9F9B7559-E8B6-43C3-BEE8-9A977BACE0FB}.Release|Any CPU.ActiveCfg = Release|Any CPU
		{4B381135-F480-478E-9635-B76A425670B7}.Debug|Any CPU.ActiveCfg = Debug|Any CPU
		{4B381135-F480-478E-9635-B76A425670B7}.Debug|Any CPU.Build.0 = Debug|Any CPU
		{4B381135-F480-478E-9635-B76A425670B7}.Release|Any CPU.ActiveCfg = Release|Any CPU
	EndGlobalSection
	GlobalSection(SolutionProperties) = preSolution
		HideSolutionNode = FALSE
	EndGlobalSection
	GlobalSection(NestedProjects) = preSolution
		{56E8080F-FFEB-47CD-ADB9-92245F92565B} = {72C27A3B-930A-45E7-B073-C9D7BF046E4B}
		{67174E59-0A40-4E8F-A82B-02FD317DD801} = {72C27A3B-930A-45E7-B073-C9D7BF046E4B}
		{9F9B7559-E8B6-43C3-BEE8-9A977BACE0FB} = {72C27A3B-930A-45E7-B073-C9D7BF046E4B}
	EndGlobalSection
EndGlobal
