
Microsoft Visual Studio Solution File, Format Version 12.00
# Visual Studio 15
VisualStudioVersion = 15.0.27428.2005
MinimumVisualStudioVersion = 10.0.40219.1
Project("{2150E333-8FDC-42A3-9474-1A3956D46DE8}") = ".paket", ".paket", "{5FEFAEC4-5A45-480B-903A-9E0B5F5B913D}"
	ProjectSection(SolutionItems) = preProject
		paket.dependencies = paket.dependencies
	EndProjectSection
EndProject
Project("{9A19103F-16F7-4668-BE54-9A1E7A4F7556}") = "MahApps.Metro", "MahApps.Metro\MahApps.Metro.csproj", "{F6432F90-04C2-42B9-992B-CD828729976B}"
EndProject
Project("{9A19103F-16F7-4668-BE54-9A1E7A4F7556}") = "MahApps.Metro.Demo", "MahApps.Metro.Samples\MahApps.Metro.Demo\MahApps.Metro.Demo.csproj", "{A83B4603-02BF-43FA-8EE8-606D6DAC8B3D}"
EndProject
Project("{9A19103F-16F7-4668-BE54-9A1E7A4F7556}") = "MahApps.Metro.Caliburn.Demo", "MahApps.Metro.Samples\MahApps.Metro.Caliburn.Demo\MahApps.Metro.Caliburn.Demo.csproj", "{D9ACF0D0-A178-4C91-BD23-D013CEA763A0}"
EndProject
Project("{9A19103F-16F7-4668-BE54-9A1E7A4F7556}") = "MahApps.Metro.Tests", "Mahapps.Metro.Tests\MahApps.Metro.Tests.csproj", "{40048BCF-D1C7-46CC-B781-05718BE25BFC}"
EndProject
Project("{2150E333-8FDC-42A3-9474-1A3956D46DE8}") = "Solution Items", "Solution Items", "{EC5373FC-2098-4D7B-8990-B15E9C631AE8}"
	ProjectSection(SolutionItems) = preProject
		Directory.build.props = Directory.build.props
		Directory.build.targets = Directory.build.targets
	EndProjectSection
EndProject
Global
	GlobalSection(SolutionConfigurationPlatforms) = preSolution
		Debug|Any CPU = Debug|Any CPU
		Release|Any CPU = Release|Any CPU
	EndGlobalSection
	GlobalSection(ProjectConfigurationPlatforms) = postSolution
		{F6432F90-04C2-42B9-992B-CD828729976B}.Debug|Any CPU.ActiveCfg = Debug|Any CPU
		{F6432F90-04C2-42B9-992B-CD828729976B}.Debug|Any CPU.Build.0 = Debug|Any CPU
		{F6432F90-04C2-42B9-992B-CD828729976B}.Release|Any CPU.ActiveCfg = Release|Any CPU
		{F6432F90-04C2-42B9-992B-CD828729976B}.Release|Any CPU.Build.0 = Release|Any CPU
		{A83B4603-02BF-43FA-8EE8-606D6DAC8B3D}.Debug|Any CPU.ActiveCfg = Debug|Any CPU
		{A83B4603-02BF-43FA-8EE8-606D6DAC8B3D}.Debug|Any CPU.Build.0 = Debug|Any CPU
		{A83B4603-02BF-43FA-8EE8-606D6DAC8B3D}.Release|Any CPU.ActiveCfg = Release|Any CPU
		{A83B4603-02BF-43FA-8EE8-606D6DAC8B3D}.Release|Any CPU.Build.0 = Release|Any CPU
		{D9ACF0D0-A178-4C91-BD23-D013CEA763A0}.Debug|Any CPU.ActiveCfg = Debug|Any CPU
		{D9ACF0D0-A178-4C91-BD23-D013CEA763A0}.Debug|Any CPU.Build.0 = Debug|Any CPU
		{D9ACF0D0-A178-4C91-BD23-D013CEA763A0}.Release|Any CPU.ActiveCfg = Release|Any CPU
		{D9ACF0D0-A178-4C91-BD23-D013CEA763A0}.Release|Any CPU.Build.0 = Release|Any CPU
		{40048BCF-D1C7-46CC-B781-05718BE25BFC}.Debug|Any CPU.ActiveCfg = Debug|Any CPU
		{40048BCF-D1C7-46CC-B781-05718BE25BFC}.Debug|Any CPU.Build.0 = Debug|Any CPU
		{40048BCF-D1C7-46CC-B781-05718BE25BFC}.Release|Any CPU.ActiveCfg = Release|Any CPU
		{40048BCF-D1C7-46CC-B781-05718BE25BFC}.Release|Any CPU.Build.0 = Release|Any CPU
	EndGlobalSection
	GlobalSection(SolutionProperties) = preSolution
		HideSolutionNode = FALSE
	EndGlobalSection
	GlobalSection(ExtensibilityGlobals) = postSolution
		SolutionGuid = {002611DA-9902-44B8-96DC-ED7107FAB879}
	EndGlobalSection
EndGlobal
